
Microsoft Visual Studio Solution File, Format Version 12.00
# Visual Studio Version 16
VisualStudioVersion = 16.0.30621.155
MinimumVisualStudioVersion = 10.0.40219.1
Project("{9A19103F-16F7-4668-BE54-9A1E7A4F7556}") = "master_dueltournament_bot", "Gamers_Hub_Butler_ Code\master_dueltournament_bot.csproj", "{B75C746B-5813-42ED-8394-E2CD9F8BBF87}"
EndProject
Project("{FAE04EC0-301F-11D3-BF4B-00C04F79EFBC}") = "Mdtbot.Data", "Mdtbot.Data\Mdtbot.Data.csproj", "{0DD8B2A0-D9D2-4918-A1A2-0BC86B1668EC}"
EndProject
Global
	GlobalSection(SolutionConfigurationPlatforms) = preSolution
		Debug|Any CPU = Debug|Any CPU
		Release|Any CPU = Release|Any CPU
	EndGlobalSection
	GlobalSection(ProjectConfigurationPlatforms) = postSolution
		{B75C746B-5813-42ED-8394-E2CD9F8BBF87}.Debug|Any CPU.ActiveCfg = Debug|Any CPU
		{B75C746B-5813-42ED-8394-E2CD9F8BBF87}.Debug|Any CPU.Build.0 = Debug|Any CPU
		{B75C746B-5813-42ED-8394-E2CD9F8BBF87}.Release|Any CPU.ActiveCfg = Release|Any CPU
		{B75C746B-5813-42ED-8394-E2CD9F8BBF87}.Release|Any CPU.Build.0 = Release|Any CPU
		{0DD8B2A0-D9D2-4918-A1A2-0BC86B1668EC}.Debug|Any CPU.ActiveCfg = Debug|Any CPU
		{0DD8B2A0-D9D2-4918-A1A2-0BC86B1668EC}.Debug|Any CPU.Build.0 = Debug|Any CPU
		{0DD8B2A0-D9D2-4918-A1A2-0BC86B1668EC}.Release|Any CPU.ActiveCfg = Release|Any CPU
		{0DD8B2A0-D9D2-4918-A1A2-0BC86B1668EC}.Release|Any CPU.Build.0 = Release|Any CPU
	EndGlobalSection
	GlobalSection(SolutionProperties) = preSolution
		HideSolutionNode = FALSE
	EndGlobalSection
	GlobalSection(ExtensibilityGlobals) = postSolution
		SolutionGuid = {5C670108-E1CE-45BC-8BF2-2AC8293FAAD4}
	EndGlobalSection
EndGlobal
